// !$*UTF8*$!
{
	archiveVersion = 1;
	classes = {
	};
	objectVersion = 77;
	objects = {

/* Begin PBXContainerItemProxy section */
		E766B08F2DDB6F2300B64D7F /* PBXContainerItemProxy */ = {
			isa = PBXContainerItemProxy;
			containerPortal = E766B0762DDB6F2200B64D7F /* Project object */;
			proxyType = 1;
			remoteGlobalIDString = E766B07D2DDB6F2200B64D7F;
			remoteInfo = Collectivity_iOSApp;
		};
		E766B0992DDB6F2300B64D7F /* PBXContainerItemProxy */ = {
			isa = PBXContainerItemProxy;
			containerPortal = E766B0762DDB6F2200B64D7F /* Project object */;
			proxyType = 1;
			remoteGlobalIDString = E766B07D2DDB6F2200B64D7F;
			remoteInfo = Collectivity_iOSApp;
		};
/* End PBXContainerItemProxy section */

/* Begin PBXFileReference section */
		E766B07E2DDB6F2200B64D7F /* Collectivity_iOSApp.app */ = {isa = PBXFileReference; explicitFileType = wrapper.application; includeInIndex = 0; path = Collectivity_iOSApp.app; sourceTree = BUILT_PRODUCTS_DIR; };
		E766B08E2DDB6F2300B64D7F /* Collectivity_iOSAppTests.xctest */ = {isa = PBXFileReference; explicitFileType = wrapper.cfbundle; includeInIndex = 0; path = Collectivity_iOSAppTests.xctest; sourceTree = BUILT_PRODUCTS_DIR; };
		E766B0982DDB6F2300B64D7F /* Collectivity_iOSAppUITests.xctest */ = {isa = PBXFileReference; explicitFileType = wrapper.cfbundle; includeInIndex = 0; path = Collectivity_iOSAppUITests.xctest; sourceTree = BUILT_PRODUCTS_DIR; };
/* End PBXFileReference section */

/* Begin PBXFileSystemSynchronizedRootGroup section */
		E766B0802DDB6F2200B64D7F /* Collectivity_iOSApp */ = {
			isa = PBXFileSystemSynchronizedRootGroup;
			path = Collectivity_iOSApp;
			sourceTree = "<group>";
		};
		E766B0912DDB6F2300B64D7F /* Collectivity_iOSAppTests */ = {
			isa = PBXFileSystemSynchronizedRootGroup;
			path = Collectivity_iOSAppTests;
			sourceTree = "<group>";
		};
		E766B09B2DDB6F2300B64D7F /* Collectivity_iOSAppUITests */ = {
			isa = PBXFileSystemSynchronizedRootGroup;
			path = Collectivity_iOSAppUITests;
			sourceTree = "<group>";
		};
/* End PBXFileSystemSynchronizedRootGroup section */

/* Begin PBXFrameworksBuildPhase section */
		E766B07B2DDB6F2200B64D7F /* Frameworks */ = {
			isa = PBXFrameworksBuildPhase;
			buildActionMask = 2147483647;
			files = (
			);
			runOnlyForDeploymentPostprocessing = 0;
		};
		E766B08B2DDB6F2300B64D7F /* Frameworks */ = {
			isa = PBXFrameworksBuildPhase;
			buildActionMask = 2147483647;
			files = (
			);
			runOnlyForDeploymentPostprocessing = 0;
		};
		E766B0952DDB6F2300B64D7F /* Frameworks */ = {
			isa = PBXFrameworksBuildPhase;
			buildActionMask = 2147483647;
			files = (
			);
			runOnlyForDeploymentPostprocessing = 0;
		};
/* End PBXFrameworksBuildPhase section */

/* Begin PBXGroup section */
		E766B0752DDB6F2200B64D7F = {
			isa = PBXGroup;
			children = (
				E766B0802DDB6F2200B64D7F /* Collectivity_iOSApp */,
				E766B0912DDB6F2300B64D7F /* Collectivity_iOSAppTests */,
				E766B09B2DDB6F2300B64D7F /* Collectivity_iOSAppUITests */,
				E766B07F2DDB6F2200B64D7F /* Products */,
			);
			sourceTree = "<group>";
		};
		E766B07F2DDB6F2200B64D7F /* Products */ = {
			isa = PBXGroup;
			children = (
				E766B07E2DDB6F2200B64D7F /* Collectivity_iOSApp.app */,
				E766B08E2DDB6F2300B64D7F /* Collectivity_iOSAppTests.xctest */,
				E766B0982DDB6F2300B64D7F /* Collectivity_iOSAppUITests.xctest */,
			);
			name = Products;
			sourceTree = "<group>";
		};
/* End PBXGroup section */

/* Begin PBXNativeTarget section */
		E766B07D2DDB6F2200B64D7F /* Collectivity_iOSApp */ = {
			isa = PBXNativeTarget;
			buildConfigurationList = E766B0A22DDB6F2300B64D7F /* Build configuration list for PBXNativeTarget "Collectivity_iOSApp" */;
			buildPhases = (
				E766B07A2DDB6F2200B64D7F /* Sources */,
				E766B07B2DDB6F2200B64D7F /* Frameworks */,
				E766B07C2DDB6F2200B64D7F /* Resources */,
			);
			buildRules = (
			);
			dependencies = (
			);
			fileSystemSynchronizedGroups = (
				E766B0802DDB6F2200B64D7F /* Collectivity_iOSApp */,
			);
			name = Collectivity_iOSApp;
			packageProductDependencies = (
			);
			productName = Collectivity_iOSApp;
			productReference = E766B07E2DDB6F2200B64D7F /* Collectivity_iOSApp.app */;
			productType = "com.apple.product-type.application";
		};
		E766B08D2DDB6F2300B64D7F /* Collectivity_iOSAppTests */ = {
			isa = PBXNativeTarget;
			buildConfigurationList = E766B0A52DDB6F2300B64D7F /* Build configuration list for PBXNativeTarget "Collectivity_iOSAppTests" */;
			buildPhases = (
				E766B08A2DDB6F2300B64D7F /* Sources */,
				E766B08B2DDB6F2300B64D7F /* Frameworks */,
				E766B08C2DDB6F2300B64D7F /* Resources */,
			);
			buildRules = (
			);
			dependencies = (
				E766B0902DDB6F2300B64D7F /* PBXTargetDependency */,
			);
			fileSystemSynchronizedGroups = (
				E766B0912DDB6F2300B64D7F /* Collectivity_iOSAppTests */,
			);
			name = Collectivity_iOSAppTests;
			packageProductDependencies = (
			);
			productName = Collectivity_iOSAppTests;
			productReference = E766B08E2DDB6F2300B64D7F /* Collectivity_iOSAppTests.xctest */;
			productType = "com.apple.product-type.bundle.unit-test";
		};
		E766B0972DDB6F2300B64D7F /* Collectivity_iOSAppUITests */ = {
			isa = PBXNativeTarget;
			buildConfigurationList = E766B0A82DDB6F2300B64D7F /* Build configuration list for PBXNativeTarget "Collectivity_iOSAppUITests" */;
			buildPhases = (
				E766B0942DDB6F2300B64D7F /* Sources */,
				E766B0952DDB6F2300B64D7F /* Frameworks */,
				E766B0962DDB6F2300B64D7F /* Resources */,
			);
			buildRules = (
			);
			dependencies = (
				E766B09A2DDB6F2300B64D7F /* PBXTargetDependency */,
			);
			fileSystemSynchronizedGroups = (
				E766B09B2DDB6F2300B64D7F /* Collectivity_iOSAppUITests */,
			);
			name = Collectivity_iOSAppUITests;
			packageProductDependencies = (
			);
			productName = Collectivity_iOSAppUITests;
			productReference = E766B0982DDB6F2300B64D7F /* Collectivity_iOSAppUITests.xctest */;
			productType = "com.apple.product-type.bundle.ui-testing";
		};
/* End PBXNativeTarget section */

/* Begin PBXProject section */
		E766B0762DDB6F2200B64D7F /* Project object */ = {
			isa = PBXProject;
			attributes = {
				BuildIndependentTargetsInParallel = 1;
				LastSwiftUpdateCheck = 1620;
				LastUpgradeCheck = 1620;
				TargetAttributes = {
					E766B07D2DDB6F2200B64D7F = {
						CreatedOnToolsVersion = 16.2;
					};
					E766B08D2DDB6F2300B64D7F = {
						CreatedOnToolsVersion = 16.2;
						TestTargetID = E766B07D2DDB6F2200B64D7F;
					};
					E766B0972DDB6F2300B64D7F = {
						CreatedOnToolsVersion = 16.2;
						TestTargetID = E766B07D2DDB6F2200B64D7F;
					};
				};
			};
			buildConfigurationList = E766B0792DDB6F2200B64D7F /* Build configuration list for PBXProject "Collectivity_iOSApp" */;
			developmentRegion = en;
			hasScannedForEncodings = 0;
			knownRegions = (
				en,
				Base,
			);
			mainGroup = E766B0752DDB6F2200B64D7F;
			minimizedProjectReferenceProxies = 1;
			preferredProjectObjectVersion = 77;
			productRefGroup = E766B07F2DDB6F2200B64D7F /* Products */;
			projectDirPath = "";
			projectRoot = "";
			targets = (
				E766B07D2DDB6F2200B64D7F /* Collectivity_iOSApp */,
				E766B08D2DDB6F2300B64D7F /* Collectivity_iOSAppTests */,
				E766B0972DDB6F2300B64D7F /* Collectivity_iOSAppUITests */,
			);
		};
/* End PBXProject section */

/* Begin PBXResourcesBuildPhase section */
		E766B07C2DDB6F2200B64D7F /* Resources */ = {
			isa = PBXResourcesBuildPhase;
			buildActionMask = 2147483647;
			files = (
			);
			runOnlyForDeploymentPostprocessing = 0;
		};
		E766B08C2DDB6F2300B64D7F /* Resources */ = {
			isa = PBXResourcesBuildPhase;
			buildActionMask = 2147483647;
			files = (
			);
			runOnlyForDeploymentPostprocessing = 0;
		};
		E766B0962DDB6F2300B64D7F /* Resources */ = {
			isa = PBXResourcesBuildPhase;
			buildActionMask = 2147483647;
			files = (
			);
			runOnlyForDeploymentPostprocessing = 0;
		};
/* End PBXResourcesBuildPhase section */

/* Begin PBXSourcesBuildPhase section */
		E766B07A2DDB6F2200B64D7F /* Sources */ = {
			isa = PBXSourcesBuildPhase;
			buildActionMask = 2147483647;
			files = (
			);
			runOnlyForDeploymentPostprocessing = 0;
		};
		E766B08A2DDB6F2300B64D7F /* Sources */ = {
			isa = PBXSourcesBuildPhase;
			buildActionMask = 2147483647;
			files = (
			);
			runOnlyForDeploymentPostprocessing = 0;
		};
		E766B0942DDB6F2300B64D7F /* Sources */ = {
			isa = PBXSourcesBuildPhase;
			buildActionMask = 2147483647;
			files = (
			);
			runOnlyForDeploymentPostprocessing = 0;
		};
/* End PBXSourcesBuildPhase section */

/* Begin PBXTargetDependency section */
		E766B0902DDB6F2300B64D7F /* PBXTargetDependency */ = {
			isa = PBXTargetDependency;
			target = E766B07D2DDB6F2200B64D7F /* Collectivity_iOSApp */;
			targetProxy = E766B08F2DDB6F2300B64D7F /* PBXContainerItemProxy */;
		};
		E766B09A2DDB6F2300B64D7F /* PBXTargetDependency */ = {
			isa = PBXTargetDependency;
			target = E766B07D2DDB6F2200B64D7F /* Collectivity_iOSApp */;
			targetProxy = E766B0992DDB6F2300B64D7F /* PBXContainerItemProxy */;
		};
/* End PBXTargetDependency section */

/* Begin XCBuildConfiguration section */
		E766B0A02DDB6F2300B64D7F /* Debug */ = {
			isa = XCBuildConfiguration;
			buildSettings = {
				ALWAYS_SEARCH_USER_PATHS = NO;
				ASSETCATALOG_COMPILER_GENERATE_SWIFT_ASSET_SYMBOL_EXTENSIONS = YES;
				CLANG_ANALYZER_NONNULL = YES;
				CLANG_ANALYZER_NUMBER_OBJECT_CONVERSION = YES_AGGRESSIVE;
				CLANG_CXX_LANGUAGE_STANDARD = "gnu++20";
				CLANG_ENABLE_MODULES = YES;
				CLANG_ENABLE_OBJC_ARC = YES;
				CLANG_ENABLE_OBJC_WEAK = YES;
				CLANG_WARN_BLOCK_CAPTURE_AUTORELEASING = YES;
				CLANG_WARN_BOOL_CONVERSION = YES;
				CLANG_WARN_COMMA = YES;
				CLANG_WARN_CONSTANT_CONVERSION = YES;
				CLANG_WARN_DEPRECATED_OBJC_IMPLEMENTATIONS = YES;
				CLANG_WARN_DIRECT_OBJC_ISA_USAGE = YES_ERROR;
				CLANG_WARN_DOCUMENTATION_COMMENTS = YES;
				CLANG_WARN_EMPTY_BODY = YES;
				CLANG_WARN_ENUM_CONVERSION = YES;
				CLANG_WARN_INFINITE_RECURSION = YES;
				CLANG_WARN_INT_CONVERSION = YES;
				CLANG_WARN_NON_LITERAL_NULL_CONVERSION = YES;
				CLANG_WARN_OBJC_IMPLICIT_RETAIN_SELF = YES;
				CLANG_WARN_OBJC_LITERAL_CONVERSION = YES;
				CLANG_WARN_OBJC_ROOT_CLASS = YES_ERROR;
				CLANG_WARN_QUOTED_INCLUDE_IN_FRAMEWORK_HEADER = YES;
				CLANG_WARN_RANGE_LOOP_ANALYSIS = YES;
				CLANG_WARN_STRICT_PROTOTYPES = YES;
				CLANG_WARN_SUSPICIOUS_MOVE = YES;
				CLANG_WARN_UNGUARDED_AVAILABILITY = YES_AGGRESSIVE;
				CLANG_WARN_UNREACHABLE_CODE = YES;
				CLANG_WARN__DUPLICATE_METHOD_MATCH = YES;
				COPY_PHASE_STRIP = NO;
				DEBUG_INFORMATION_FORMAT = dwarf;
				ENABLE_STRICT_OBJC_MSGSEND = YES;
				ENABLE_TESTABILITY = YES;
				ENABLE_USER_SCRIPT_SANDBOXING = YES;
				GCC_C_LANGUAGE_STANDARD = gnu17;
				GCC_DYNAMIC_NO_PIC = NO;
				GCC_NO_COMMON_BLOCKS = YES;
				GCC_OPTIMIZATION_LEVEL = 0;
				GCC_PREPROCESSOR_DEFINITIONS = (
					"DEBUG=1",
					"$(inherited)",
				);
				GCC_WARN_64_TO_32_BIT_CONVERSION = YES;
				GCC_WARN_ABOUT_RETURN_TYPE = YES_ERROR;
				GCC_WARN_UNDECLARED_SELECTOR = YES;
				GCC_WARN_UNINITIALIZED_AUTOS = YES_AGGRESSIVE;
				GCC_WARN_UNUSED_FUNCTION = YES;
				GCC_WARN_UNUSED_VARIABLE = YES;
				IPHONEOS_DEPLOYMENT_TARGET = 18.2;
				LOCALIZATION_PREFERS_STRING_CATALOGS = YES;
				MTL_ENABLE_DEBUG_INFO = INCLUDE_SOURCE;
				MTL_FAST_MATH = YES;
				ONLY_ACTIVE_ARCH = YES;
				SDKROOT = iphoneos;
				SWIFT_ACTIVE_COMPILATION_CONDITIONS = "DEBUG $(inherited)";
				SWIFT_OPTIMIZATION_LEVEL = "-Onone";
			};
			name = Debug;
		};
		E766B0A12DDB6F2300B64D7F /* Release */ = {
			isa = XCBuildConfiguration;
			buildSettings = {
				ALWAYS_SEARCH_USER_PATHS = NO;
				ASSETCATALOG_COMPILER_GENERATE_SWIFT_ASSET_SYMBOL_EXTENSIONS = YES;
				CLANG_ANALYZER_NONNULL = YES;
				CLANG_ANALYZER_NUMBER_OBJECT_CONVERSION = YES_AGGRESSIVE;
				CLANG_CXX_LANGUAGE_STANDARD = "gnu++20";
				CLANG_ENABLE_MODULES = YES;
				CLANG_ENABLE_OBJC_ARC = YES;
				CLANG_ENABLE_OBJC_WEAK = YES;
				CLANG_WARN_BLOCK_CAPTURE_AUTORELEASING = YES;
				CLANG_WARN_BOOL_CONVERSION = YES;
				CLANG_WARN_COMMA = YES;
				CLANG_WARN_CONSTANT_CONVERSION = YES;
				CLANG_WARN_DEPRECATED_OBJC_IMPLEMENTATIONS = YES;
				CLANG_WARN_DIRECT_OBJC_ISA_USAGE = YES_ERROR;
				CLANG_WARN_DOCUMENTATION_COMMENTS = YES;
				CLANG_WARN_EMPTY_BODY = YES;
				CLANG_WARN_ENUM_CONVERSION = YES;
				CLANG_WARN_INFINITE_RECURSION = YES;
				CLANG_WARN_INT_CONVERSION = YES;
				CLANG_WARN_NON_LITERAL_NULL_CONVERSION = YES;
				CLANG_WARN_OBJC_IMPLICIT_RETAIN_SELF = YES;
				CLANG_WARN_OBJC_LITERAL_CONVERSION = YES;
				CLANG_WARN_OBJC_ROOT_CLASS = YES_ERROR;
				CLANG_WARN_QUOTED_INCLUDE_IN_FRAMEWORK_HEADER = YES;
				CLANG_WARN_RANGE_LOOP_ANALYSIS = YES;
				CLANG_WARN_STRICT_PROTOTYPES = YES;
				CLANG_WARN_SUSPICIOUS_MOVE = YES;
				CLANG_WARN_UNGUARDED_AVAILABILITY = YES_AGGRESSIVE;
				CLANG_WARN_UNREACHABLE_CODE = YES;
				CLANG_WARN__DUPLICATE_METHOD_MATCH = YES;
				COPY_PHASE_STRIP = NO;
				DEBUG_INFORMATION_FORMAT = "dwarf-with-dsym";
				ENABLE_NS_ASSERTIONS = NO;
				ENABLE_STRICT_OBJC_MSGSEND = YES;
				ENABLE_USER_SCRIPT_SANDBOXING = YES;
				GCC_C_LANGUAGE_STANDARD = gnu17;
				GCC_NO_COMMON_BLOCKS = YES;
				GCC_WARN_64_TO_32_BIT_CONVERSION = YES;
				GCC_WARN_ABOUT_RETURN_TYPE = YES_ERROR;
				GCC_WARN_UNDECLARED_SELECTOR = YES;
				GCC_WARN_UNINITIALIZED_AUTOS = YES_AGGRESSIVE;
				GCC_WARN_UNUSED_FUNCTION = YES;
				GCC_WARN_UNUSED_VARIABLE = YES;
				IPHONEOS_DEPLOYMENT_TARGET = 18.2;
				LOCALIZATION_PREFERS_STRING_CATALOGS = YES;
				MTL_ENABLE_DEBUG_INFO = NO;
				MTL_FAST_MATH = YES;
				SDKROOT = iphoneos;
				SWIFT_COMPILATION_MODE = wholemodule;
				VALIDATE_PRODUCT = YES;
			};
			name = Release;
		};
		E766B0A32DDB6F2300B64D7F /* Debug */ = {
			isa = XCBuildConfiguration;
			buildSettings = {
				ASSETCATALOG_COMPILER_APPICON_NAME = AppIcon;
				ASSETCATALOG_COMPILER_GLOBAL_ACCENT_COLOR_NAME = AccentColor;
				CODE_SIGN_STYLE = Automatic;
				CURRENT_PROJECT_VERSION = 1;
				DEVELOPMENT_ASSET_PATHS = "\"Collectivity_iOSApp/Preview Content\"";
				DEVELOPMENT_TEAM = QAW6FMS66J;
				ENABLE_PREVIEWS = YES;
				GENERATE_INFOPLIST_FILE = YES;
				INFOPLIST_KEY_UIApplicationSceneManifest_Generation = YES;
				INFOPLIST_KEY_UIApplicationSupportsIndirectInputEvents = YES;
				INFOPLIST_KEY_UILaunchScreen_Generation = YES;
				INFOPLIST_KEY_UISupportedInterfaceOrientations_iPad = "UIInterfaceOrientationPortrait UIInterfaceOrientationPortraitUpsideDown UIInterfaceOrientationLandscapeLeft UIInterfaceOrientationLandscapeRight";
				INFOPLIST_KEY_UISupportedInterfaceOrientations_iPhone = "UIInterfaceOrientationPortrait UIInterfaceOrientationLandscapeLeft UIInterfaceOrientationLandscapeRight";
				LD_RUNPATH_SEARCH_PATHS = (
					"$(inherited)",
					"@executable_path/Frameworks",
				);
				MARKETING_VERSION = 1.0;
				PRODUCT_BUNDLE_IDENTIFIER = "LilyanToma.Collectivity-iOSApp";
				PRODUCT_NAME = "$(TARGET_NAME)";
				SWIFT_EMIT_LOC_STRINGS = YES;
				SWIFT_VERSION = 5.0;
				TARGETED_DEVICE_FAMILY = "1,2";
			};
			name = Debug;
		};
		E766B0A42DDB6F2300B64D7F /* Release */ = {
			isa = XCBuildConfiguration;
			buildSettings = {
				ASSETCATALOG_COMPILER_APPICON_NAME = AppIcon;
				ASSETCATALOG_COMPILER_GLOBAL_ACCENT_COLOR_NAME = AccentColor;
				CODE_SIGN_STYLE = Automatic;
				CURRENT_PROJECT_VERSION = 1;
				DEVELOPMENT_ASSET_PATHS = "\"Collectivity_iOSApp/Preview Content\"";
				DEVELOPMENT_TEAM = QAW6FMS66J;
				ENABLE_PREVIEWS = YES;
				GENERATE_INFOPLIST_FILE = YES;
				INFOPLIST_KEY_UIApplicationSceneManifest_Generation = YES;
				INFOPLIST_KEY_UIApplicationSupportsIndirectInputEvents = YES;
				INFOPLIST_KEY_UILaunchScreen_Generation = YES;
				INFOPLIST_KEY_UISupportedInterfaceOrientations_iPad = "UIInterfaceOrientationPortrait UIInterfaceOrientationPortraitUpsideDown UIInterfaceOrientationLandscapeLeft UIInterfaceOrientationLandscapeRight";
				INFOPLIST_KEY_UISupportedInterfaceOrientations_iPhone = "UIInterfaceOrientationPortrait UIInterfaceOrientationLandscapeLeft UIInterfaceOrientationLandscapeRight";
				LD_RUNPATH_SEARCH_PATHS = (
					"$(inherited)",
					"@executable_path/Frameworks",
				);
				MARKETING_VERSION = 1.0;
				PRODUCT_BUNDLE_IDENTIFIER = "LilyanToma.Collectivity-iOSApp";
				PRODUCT_NAME = "$(TARGET_NAME)";
				SWIFT_EMIT_LOC_STRINGS = YES;
				SWIFT_VERSION = 5.0;
				TARGETED_DEVICE_FAMILY = "1,2";
			};
			name = Release;
		};
		E766B0A62DDB6F2300B64D7F /* Debug */ = {
			isa = XCBuildConfiguration;
			buildSettings = {
				BUNDLE_LOADER = "$(TEST_HOST)";
				CODE_SIGN_STYLE = Automatic;
				CURRENT_PROJECT_VERSION = 1;
				DEVELOPMENT_TEAM = QAW6FMS66J;
				GENERATE_INFOPLIST_FILE = YES;
				IPHONEOS_DEPLOYMENT_TARGET = 18.2;
				MARKETING_VERSION = 1.0;
				PRODUCT_BUNDLE_IDENTIFIER = "LilyanToma.Collectivity-iOSAppTests";
				PRODUCT_NAME = "$(TARGET_NAME)";
				SWIFT_EMIT_LOC_STRINGS = NO;
				SWIFT_VERSION = 5.0;
				TARGETED_DEVICE_FAMILY = "1,2";
				TEST_HOST = "$(BUILT_PRODUCTS_DIR)/Collectivity_iOSApp.app/$(BUNDLE_EXECUTABLE_FOLDER_PATH)/Collectivity_iOSApp";
			};
			name = Debug;
		};
		E766B0A72DDB6F2300B64D7F /* Release */ = {
			isa = XCBuildConfiguration;
			buildSettings = {
				BUNDLE_LOADER = "$(TEST_HOST)";
				CODE_SIGN_STYLE = Automatic;
				CURRENT_PROJECT_VERSION = 1;
				DEVELOPMENT_TEAM = QAW6FMS66J;
				GENERATE_INFOPLIST_FILE = YES;
				IPHONEOS_DEPLOYMENT_TARGET = 18.2;
				MARKETING_VERSION = 1.0;
				PRODUCT_BUNDLE_IDENTIFIER = "LilyanToma.Collectivity-iOSAppTests";
				PRODUCT_NAME = "$(TARGET_NAME)";
				SWIFT_EMIT_LOC_STRINGS = NO;
				SWIFT_VERSION = 5.0;
				TARGETED_DEVICE_FAMILY = "1,2";
				TEST_HOST = "$(BUILT_PRODUCTS_DIR)/Collectivity_iOSApp.app/$(BUNDLE_EXECUTABLE_FOLDER_PATH)/Collectivity_iOSApp";
			};
			name = Release;
		};
		E766B0A92DDB6F2300B64D7F /* Debug */ = {
			isa = XCBuildConfiguration;
			buildSettings = {
				CODE_SIGN_STYLE = Automatic;
				CURRENT_PROJECT_VERSION = 1;
				DEVELOPMENT_TEAM = QAW6FMS66J;
				GENERATE_INFOPLIST_FILE = YES;
				MARKETING_VERSION = 1.0;
				PRODUCT_BUNDLE_IDENTIFIER = "LilyanToma.Collectivity-iOSAppUITests";
				PRODUCT_NAME = "$(TARGET_NAME)";
				SWIFT_EMIT_LOC_STRINGS = NO;
				SWIFT_VERSION = 5.0;
				TARGETED_DEVICE_FAMILY = "1,2";
				TEST_TARGET_NAME = Collectivity_iOSApp;
			};
			name = Debug;
		};
		E766B0AA2DDB6F2300B64D7F /* Release */ = {
			isa = XCBuildConfiguration;
			buildSettings = {
				CODE_SIGN_STYLE = Automatic;
				CURRENT_PROJECT_VERSION = 1;
				DEVELOPMENT_TEAM = QAW6FMS66J;
				GENERATE_INFOPLIST_FILE = YES;
				MARKETING_VERSION = 1.0;
				PRODUCT_BUNDLE_IDENTIFIER = "LilyanToma.Collectivity-iOSAppUITests";
				PRODUCT_NAME = "$(TARGET_NAME)";
				SWIFT_EMIT_LOC_STRINGS = NO;
				SWIFT_VERSION = 5.0;
				TARGETED_DEVICE_FAMILY = "1,2";
				TEST_TARGET_NAME = Collectivity_iOSApp;
			};
			name = Release;
		};
/* End XCBuildConfiguration section */

/* Begin XCConfigurationList section */
		E766B0792DDB6F2200B64D7F /* Build configuration list for PBXProject "Collectivity_iOSApp" */ = {
			isa = XCConfigurationList;
			buildConfigurations = (
				E766B0A02DDB6F2300B64D7F /* Debug */,
				E766B0A12DDB6F2300B64D7F /* Release */,
			);
			defaultConfigurationIsVisible = 0;
			defaultConfigurationName = Release;
		};
		E766B0A22DDB6F2300B64D7F /* Build configuration list for PBXNativeTarget "Collectivity_iOSApp" */ = {
			isa = XCConfigurationList;
			buildConfigurations = (
				E766B0A32DDB6F2300B64D7F /* Debug */,
				E766B0A42DDB6F2300B64D7F /* Release */,
			);
			defaultConfigurationIsVisible = 0;
			defaultConfigurationName = Release;
		};
		E766B0A52DDB6F2300B64D7F /* Build configuration list for PBXNativeTarget "Collectivity_iOSAppTests" */ = {
			isa = XCConfigurationList;
			buildConfigurations = (
				E766B0A62DDB6F2300B64D7F /* Debug */,
				E766B0A72DDB6F2300B64D7F /* Release */,
			);
			defaultConfigurationIsVisible = 0;
			defaultConfigurationName = Release;
		};
		E766B0A82DDB6F2300B64D7F /* Build configuration list for PBXNativeTarget "Collectivity_iOSAppUITests" */ = {
			isa = XCConfigurationList;
			buildConfigurations = (
				E766B0A92DDB6F2300B64D7F /* Debug */,
				E766B0AA2DDB6F2300B64D7F /* Release */,
			);
			defaultConfigurationIsVisible = 0;
			defaultConfigurationName = Release;
		};
/* End XCConfigurationList section */
	};
	rootObject = E766B0762DDB6F2200B64D7F /* Project object */;
}
